{
  "name": "core",
  "version": "0.0.1",
  "lockfileVersion": 1,
  "requires": true,
  "dependencies": {
    "primeicons": {
      "version": "1.0.0",
      "resolved": "https://registry.npmjs.org/primeicons/-/primeicons-1.0.0.tgz",
      "integrity": "sha512-p/hzIjUVccW4eJPhuORHI3AUkDpqfvCQVrjxbFEejnTEdWY4C8fomVfjiaA9jCu83fSQnBHuRIGB96iAR8R6uA=="
    },
    "primeng": {
      "version": "7.0.5",
      "resolved": "https://registry.npmjs.org/primeng/-/primeng-7.0.5.tgz",
      "integrity": "sha512-CVc6XxMZEsuCKXkyLUI/bRKX+spSBnEwqOFnAeXfSjIq0Uok51Dnrn8yNHyAWU2YRx93h7NWgxBtSXWVddEwqg=="
    }
  }
}
